
Microsoft Visual Studio Solution File, Format Version 12.00
# Visual Studio 14
VisualStudioVersion = 14.0.25420.1
MinimumVisualStudioVersion = 10.0.40219.1
Project("{FAE04EC0-301F-11D3-BF4B-00C04F79EFBC}") = "RaspberryWcf", "RaspberryWcf\RaspberryWcf.csproj", "{A713A004-A127-422D-AE13-5C6D48CC5904}"
EndProject
Project("{FAE04EC0-301F-11D3-BF4B-00C04F79EFBC}") = "RaspberryConsole", "RaspberryConsole\RaspberryConsole.csproj", "{6472D128-97B3-4D28-AC1F-6F9A868A1384}"
EndProject
Project("{FAE04EC0-301F-11D3-BF4B-00C04F79EFBC}") = "RaspberryUDPSender", "RaspberryUDPSender\RaspberryUDPSender.csproj", "{736B194B-1B68-41CD-8D74-EABDC55B2387}"
EndProject
Global
	GlobalSection(SolutionConfigurationPlatforms) = preSolution
		Debug|Any CPU = Debug|Any CPU
		Release|Any CPU = Release|Any CPU
	EndGlobalSection
	GlobalSection(ProjectConfigurationPlatforms) = postSolution
		{A713A004-A127-422D-AE13-5C6D48CC5904}.Debug|Any CPU.ActiveCfg = Debug|Any CPU
		{A713A004-A127-422D-AE13-5C6D48CC5904}.Debug|Any CPU.Build.0 = Debug|Any CPU
		{A713A004-A127-422D-AE13-5C6D48CC5904}.Release|Any CPU.ActiveCfg = Release|Any CPU
		{A713A004-A127-422D-AE13-5C6D48CC5904}.Release|Any CPU.Build.0 = Release|Any CPU
		{6472D128-97B3-4D28-AC1F-6F9A868A1384}.Debug|Any CPU.ActiveCfg = Debug|Any CPU
		{6472D128-97B3-4D28-AC1F-6F9A868A1384}.Debug|Any CPU.Build.0 = Debug|Any CPU
		{6472D128-97B3-4D28-AC1F-6F9A868A1384}.Release|Any CPU.ActiveCfg = Release|Any CPU
		{6472D128-97B3-4D28-AC1F-6F9A868A1384}.Release|Any CPU.Build.0 = Release|Any CPU
		{736B194B-1B68-41CD-8D74-EABDC55B2387}.Debug|Any CPU.ActiveCfg = Debug|Any CPU
		{736B194B-1B68-41CD-8D74-EABDC55B2387}.Debug|Any CPU.Build.0 = Debug|Any CPU
		{736B194B-1B68-41CD-8D74-EABDC55B2387}.Release|Any CPU.ActiveCfg = Release|Any CPU
		{736B194B-1B68-41CD-8D74-EABDC55B2387}.Release|Any CPU.Build.0 = Release|Any CPU
	EndGlobalSection
	GlobalSection(SolutionProperties) = preSolution
		HideSolutionNode = FALSE
	EndGlobalSection
EndGlobal
